// !$*UTF8*$!
{
	archiveVersion = 1;
	classes = {
	};
	objectVersion = 48;
	objects = {

/* Begin PBXBuildFile section */
		151048D71FB0E6A8004352A8 /* MyCollectionViewCell.swift in Sources */ = {isa = PBXBuildFile; fileRef = 151048D61FB0E6A8004352A8 /* MyCollectionViewCell.swift */; };
		1510D5E61FDA7DF7003A9EC8 /* CompleteWEViewController.swift in Sources */ = {isa = PBXBuildFile; fileRef = 1510D5E51FDA7DF7003A9EC8 /* CompleteWEViewController.swift */; };
		1527D6CF1FD9AC3D00F90377 /* CompleteWAViewController.swift in Sources */ = {isa = PBXBuildFile; fileRef = 1527D6CE1FD9AC3D00F90377 /* CompleteWAViewController.swift */; };
		152FAEC41FAF92AB00D68C42 /* AppDelegate.swift in Sources */ = {isa = PBXBuildFile; fileRef = 152FAEC31FAF92AB00D68C42 /* AppDelegate.swift */; };
		152FAEC61FAF92AB00D68C42 /* ViewController.swift in Sources */ = {isa = PBXBuildFile; fileRef = 152FAEC51FAF92AB00D68C42 /* ViewController.swift */; };
		152FAEC91FAF92AB00D68C42 /* Main.storyboard in Resources */ = {isa = PBXBuildFile; fileRef = 152FAEC71FAF92AB00D68C42 /* Main.storyboard */; };
		152FAECC1FAF92AB00D68C42 /* iPicker.xcdatamodeld in Sources */ = {isa = PBXBuildFile; fileRef = 152FAECA1FAF92AB00D68C42 /* iPicker.xcdatamodeld */; };
		152FAECE1FAF92AB00D68C42 /* Assets.xcassets in Resources */ = {isa = PBXBuildFile; fileRef = 152FAECD1FAF92AB00D68C42 /* Assets.xcassets */; };
		152FAED11FAF92AB00D68C42 /* LaunchScreen.storyboard in Resources */ = {isa = PBXBuildFile; fileRef = 152FAECF1FAF92AB00D68C42 /* LaunchScreen.storyboard */; };
		152FAEDC1FAF92AB00D68C42 /* iPickerTests.swift in Sources */ = {isa = PBXBuildFile; fileRef = 152FAEDB1FAF92AB00D68C42 /* iPickerTests.swift */; };
		152FAEE71FAF92AB00D68C42 /* iPickerUITests.swift in Sources */ = {isa = PBXBuildFile; fileRef = 152FAEE61FAF92AB00D68C42 /* iPickerUITests.swift */; };
		152FAEF61FAF949700D68C42 /* MyFile.swift in Sources */ = {isa = PBXBuildFile; fileRef = 152FAEF51FAF949700D68C42 /* MyFile.swift */; };
		1537B1A41FC1E15500BA134A /* InventurViewController.swift in Sources */ = {isa = PBXBuildFile; fileRef = 1537B1A31FC1E15500BA134A /* InventurViewController.swift */; };
		153816731FB2657D00B46230 /* MainViewController.swift in Sources */ = {isa = PBXBuildFile; fileRef = 153816721FB2657C00B46230 /* MainViewController.swift */; };
		153816751FB26F5F00B46230 /* SeocondViewController.swift in Sources */ = {isa = PBXBuildFile; fileRef = 153816741FB26F5F00B46230 /* SeocondViewController.swift */; };
		15532C011FCF589F00029798 /* WarenausgangViewController.swift in Sources */ = {isa = PBXBuildFile; fileRef = 15532C001FCF589F00029798 /* WarenausgangViewController.swift */; };
		15532C031FCF5A3C00029798 /* WarenausgangListeViewController.swift in Sources */ = {isa = PBXBuildFile; fileRef = 15532C021FCF5A3C00029798 /* WarenausgangListeViewController.swift */; };
		155A8D1A1FC1CD5B00A10E01 /* Picklist.swift in Sources */ = {isa = PBXBuildFile; fileRef = 155A8D191FC1CD5B00A10E01 /* Picklist.swift */; };
		156688AB1FB442BA00D16525 /* AbschlussViewController.swift in Sources */ = {isa = PBXBuildFile; fileRef = 156688AA1FB442BA00D16525 /* AbschlussViewController.swift */; };
		158953241FEB158E00DA49BC /* Lager.storyboard in Resources */ = {isa = PBXBuildFile; fileRef = 158953231FEB158E00DA49BC /* Lager.storyboard */; };
		158953261FEB15A200DA49BC /* LagerChefViewController.swift in Sources */ = {isa = PBXBuildFile; fileRef = 158953251FEB15A200DA49BC /* LagerChefViewController.swift */; };
		159E61E51FD2D1FA00B8117B /* Receive.swift in Sources */ = {isa = PBXBuildFile; fileRef = 159E61E41FD2D1FA00B8117B /* Receive.swift */; };
		159E61E71FD3019600B8117B /* WEViewController.swift in Sources */ = {isa = PBXBuildFile; fileRef = 159E61E61FD3019600B8117B /* WEViewController.swift */; };
		159E61E91FD315B400B8117B /* PufferViewController.swift in Sources */ = {isa = PBXBuildFile; fileRef = 159E61E81FD315B400B8117B /* PufferViewController.swift */; };
		15A0F1641FEEBEAB0015CFD8 /* info.storyboard in Resources */ = {isa = PBXBuildFile; fileRef = 15A0F1631FEEBEAA0015CFD8 /* info.storyboard */; };
		15A0F1661FEEBEBE0015CFD8 /* infoViewController.swift in Sources */ = {isa = PBXBuildFile; fileRef = 15A0F1651FEEBEBE0015CFD8 /* infoViewController.swift */; };
		15A5D09D1FCF443400015FAB /* Wareneingang.storyboard in Resources */ = {isa = PBXBuildFile; fileRef = 15A5D09C1FCF443400015FAB /* Wareneingang.storyboard */; };
		15A5D09F1FCF448C00015FAB /* WareneingagViewController.swift in Sources */ = {isa = PBXBuildFile; fileRef = 15A5D09E1FCF448C00015FAB /* WareneingagViewController.swift */; };
		15A5D0A31FCF4B5700015FAB /* WareneingangListeViewController.swift in Sources */ = {isa = PBXBuildFile; fileRef = 15A5D0A21FCF4B5700015FAB /* WareneingangListeViewController.swift */; };
		15A5D0A51FCF4E5500015FAB /* WECell.xib in Resources */ = {isa = PBXBuildFile; fileRef = 15A5D0A41FCF4E5500015FAB /* WECell.xib */; };
		15A5D0A71FCF4F6200015FAB /* WarenEingangTableViewCell.swift in Sources */ = {isa = PBXBuildFile; fileRef = 15A5D0A61FCF4F6200015FAB /* WarenEingangTableViewCell.swift */; };
		15A5D0AA1FCF573C00015FAB /* warenausgang.storyboard in Resources */ = {isa = PBXBuildFile; fileRef = 15A5D0A91FCF573C00015FAB /* warenausgang.storyboard */; };
		15AF50541FC7577C004BF17F /* AuthViewController.swift in Sources */ = {isa = PBXBuildFile; fileRef = 15AF50531FC7577C004BF17F /* AuthViewController.swift */; };
		15D7FA151FC76D9F00A267D3 /* NachScannenInventurViewController.swift in Sources */ = {isa = PBXBuildFile; fileRef = 15D7FA141FC76D9F00A267D3 /* NachScannenInventurViewController.swift */; };
		5D5E7223276106DE9CF7418C /* Pods_iPicker.framework in Frameworks */ = {isa = PBXBuildFile; fileRef = 6FD73AF09DD576CD75EE5D26 /* Pods_iPicker.framework */; };
		AC29903C1FC85A1500A7CFA4 /* AbschlussPickenViewController.swift in Sources */ = {isa = PBXBuildFile; fileRef = AC29903B1FC85A1500A7CFA4 /* AbschlussPickenViewController.swift */; };
		AC29903E1FC85A3D00A7CFA4 /* ListPickViewController.swift in Sources */ = {isa = PBXBuildFile; fileRef = AC29903D1FC85A3D00A7CFA4 /* ListPickViewController.swift */; };
		AC2990401FC85A7500A7CFA4 /* ListPickCell.xib in Resources */ = {isa = PBXBuildFile; fileRef = AC29903F1FC85A7500A7CFA4 /* ListPickCell.xib */; };
		AC2990421FC85B2D00A7CFA4 /* ListPickerCell.swift in Sources */ = {isa = PBXBuildFile; fileRef = AC2990411FC85B2D00A7CFA4 /* ListPickerCell.swift */; };
		AC7CC07F1FBF09000007724F /* OrderedDictionary.framework in Frameworks */ = {isa = PBXBuildFile; fileRef = AC7CC07E1FBF09000007724F /* OrderedDictionary.framework */; };
		AC7CC0801FBF09000007724F /* OrderedDictionary.framework in Embed Frameworks */ = {isa = PBXBuildFile; fileRef = AC7CC07E1FBF09000007724F /* OrderedDictionary.framework */; settings = {ATTRIBUTES = (CodeSignOnCopy, RemoveHeadersOnCopy, ); }; };
		AC7CC0831FBF1EDA0007724F /* PickerCell.xib in Resources */ = {isa = PBXBuildFile; fileRef = AC7CC0821FBF1EDA0007724F /* PickerCell.xib */; };
		AC7CC0851FBF1EFC0007724F /* PickerTableViewCell.swift in Sources */ = {isa = PBXBuildFile; fileRef = AC7CC0841FBF1EFC0007724F /* PickerTableViewCell.swift */; };
		AC7CC0871FBF21970007724F /* PickerViewController.swift in Sources */ = {isa = PBXBuildFile; fileRef = AC7CC0861FBF21970007724F /* PickerViewController.swift */; };
		AC7CC0891FBF44230007724F /* WagenViewController.swift in Sources */ = {isa = PBXBuildFile; fileRef = AC7CC0881FBF44230007724F /* WagenViewController.swift */; };
		AC843BB61FEAE2FB00818323 /* SessionViewController.swift in Sources */ = {isa = PBXBuildFile; fileRef = AC843BB51FEAE2FB00818323 /* SessionViewController.swift */; };
		ACB6997A1FE5CD8400124C11 /* TestViewController.swift in Sources */ = {isa = PBXBuildFile; fileRef = ACB699791FE5CD8400124C11 /* TestViewController.swift */; };
		ACB6997C1FE5CFA700124C11 /* test.storyboard in Resources */ = {isa = PBXBuildFile; fileRef = ACB6997B1FE5CFA700124C11 /* test.storyboard */; };
		ACF576AF1FEC0A6200471DDA /* LagerDetailViewController.swift in Sources */ = {isa = PBXBuildFile; fileRef = ACF576AE1FEC0A6200471DDA /* LagerDetailViewController.swift */; };
		B8031C13391255C2D39306DD /* Pods_iPickerTests.framework in Frameworks */ = {isa = PBXBuildFile; fileRef = 44FD81DBA8436D429906C950 /* Pods_iPickerTests.framework */; };
		FF9EBDA7AED8B7A843CBB6E5 /* Pods_iPickerUITests.framework in Frameworks */ = {isa = PBXBuildFile; fileRef = 544A35A48CC0F5FD4EEEE86B /* Pods_iPickerUITests.framework */; };
/* End PBXBuildFile section */

/* Begin PBXContainerItemProxy section */
		152FAED81FAF92AB00D68C42 /* PBXContainerItemProxy */ = {
			isa = PBXContainerItemProxy;
			containerPortal = 152FAEB81FAF92AB00D68C42 /* Project object */;
			proxyType = 1;
			remoteGlobalIDString = 152FAEBF1FAF92AB00D68C42;
			remoteInfo = iPicker;
		};
		152FAEE31FAF92AB00D68C42 /* PBXContainerItemProxy */ = {
			isa = PBXContainerItemProxy;
			containerPortal = 152FAEB81FAF92AB00D68C42 /* Project object */;
			proxyType = 1;
			remoteGlobalIDString = 152FAEBF1FAF92AB00D68C42;
			remoteInfo = iPicker;
		};
/* End PBXContainerItemProxy section */

/* Begin PBXCopyFilesBuildPhase section */
		AC7CC0811FBF09000007724F /* Embed Frameworks */ = {
			isa = PBXCopyFilesBuildPhase;
			buildActionMask = 2147483647;
			dstPath = "";
			dstSubfolderSpec = 10;
			files = (
				AC7CC0801FBF09000007724F /* OrderedDictionary.framework in Embed Frameworks */,
			);
			name = "Embed Frameworks";
			runOnlyForDeploymentPostprocessing = 0;
		};
/* End PBXCopyFilesBuildPhase section */

/* Begin PBXFileReference section */
		1315F173CB5A99F902C45027 /* Pods-iPickerUITests.debug.xcconfig */ = {isa = PBXFileReference; includeInIndex = 1; lastKnownFileType = text.xcconfig; name = "Pods-iPickerUITests.debug.xcconfig"; path = "Pods/Target Support Files/Pods-iPickerUITests/Pods-iPickerUITests.debug.xcconfig"; sourceTree = "<group>"; };
		151048D61FB0E6A8004352A8 /* MyCollectionViewCell.swift */ = {isa = PBXFileReference; lastKnownFileType = sourcecode.swift; path = MyCollectionViewCell.swift; sourceTree = "<group>"; };
		1510D5E51FDA7DF7003A9EC8 /* CompleteWEViewController.swift */ = {isa = PBXFileReference; lastKnownFileType = sourcecode.swift; path = CompleteWEViewController.swift; sourceTree = "<group>"; };
		1527D6CE1FD9AC3D00F90377 /* CompleteWAViewController.swift */ = {isa = PBXFileReference; lastKnownFileType = sourcecode.swift; path = CompleteWAViewController.swift; sourceTree = "<group>"; };
		152FAEC01FAF92AB00D68C42 /* iPicker.app */ = {isa = PBXFileReference; explicitFileType = wrapper.application; includeInIndex = 0; path = iPicker.app; sourceTree = BUILT_PRODUCTS_DIR; };
		152FAEC31FAF92AB00D68C42 /* AppDelegate.swift */ = {isa = PBXFileReference; lastKnownFileType = sourcecode.swift; path = AppDelegate.swift; sourceTree = "<group>"; };
		152FAEC51FAF92AB00D68C42 /* ViewController.swift */ = {isa = PBXFileReference; lastKnownFileType = sourcecode.swift; path = ViewController.swift; sourceTree = "<group>"; };
		152FAEC81FAF92AB00D68C42 /* Base */ = {isa = PBXFileReference; lastKnownFileType = file.storyboard; name = Base; path = Base.lproj/Main.storyboard; sourceTree = "<group>"; };
		152FAECB1FAF92AB00D68C42 /* iPicker.xcdatamodel */ = {isa = PBXFileReference; lastKnownFileType = wrapper.xcdatamodel; path = iPicker.xcdatamodel; sourceTree = "<group>"; };
		152FAECD1FAF92AB00D68C42 /* Assets.xcassets */ = {isa = PBXFileReference; lastKnownFileType = folder.assetcatalog; path = Assets.xcassets; sourceTree = "<group>"; };
		152FAED01FAF92AB00D68C42 /* Base */ = {isa = PBXFileReference; lastKnownFileType = file.storyboard; name = Base; path = Base.lproj/LaunchScreen.storyboard; sourceTree = "<group>"; };
		152FAED21FAF92AB00D68C42 /* Info.plist */ = {isa = PBXFileReference; lastKnownFileType = text.plist.xml; path = Info.plist; sourceTree = "<group>"; };
		152FAED71FAF92AB00D68C42 /* iPickerTests.xctest */ = {isa = PBXFileReference; explicitFileType = wrapper.cfbundle; includeInIndex = 0; path = iPickerTests.xctest; sourceTree = BUILT_PRODUCTS_DIR; };
		152FAEDB1FAF92AB00D68C42 /* iPickerTests.swift */ = {isa = PBXFileReference; lastKnownFileType = sourcecode.swift; path = iPickerTests.swift; sourceTree = "<group>"; };
		152FAEDD1FAF92AB00D68C42 /* Info.plist */ = {isa = PBXFileReference; lastKnownFileType = text.plist.xml; path = Info.plist; sourceTree = "<group>"; };
		152FAEE21FAF92AB00D68C42 /* iPickerUITests.xctest */ = {isa = PBXFileReference; explicitFileType = wrapper.cfbundle; includeInIndex = 0; path = iPickerUITests.xctest; sourceTree = BUILT_PRODUCTS_DIR; };
		152FAEE61FAF92AB00D68C42 /* iPickerUITests.swift */ = {isa = PBXFileReference; lastKnownFileType = sourcecode.swift; path = iPickerUITests.swift; sourceTree = "<group>"; };
		152FAEE81FAF92AB00D68C42 /* Info.plist */ = {isa = PBXFileReference; lastKnownFileType = text.plist.xml; path = Info.plist; sourceTree = "<group>"; };
		152FAEF51FAF949700D68C42 /* MyFile.swift */ = {isa = PBXFileReference; lastKnownFileType = sourcecode.swift; path = MyFile.swift; sourceTree = "<group>"; };
		1537B1A31FC1E15500BA134A /* InventurViewController.swift */ = {isa = PBXFileReference; lastKnownFileType = sourcecode.swift; path = InventurViewController.swift; sourceTree = "<group>"; };
		153816721FB2657C00B46230 /* MainViewController.swift */ = {isa = PBXFileReference; lastKnownFileType = sourcecode.swift; path = MainViewController.swift; sourceTree = "<group>"; };
		153816741FB26F5F00B46230 /* SeocondViewController.swift */ = {isa = PBXFileReference; lastKnownFileType = sourcecode.swift; path = SeocondViewController.swift; sourceTree = "<group>"; };
		15532C001FCF589F00029798 /* WarenausgangViewController.swift */ = {isa = PBXFileReference; lastKnownFileType = sourcecode.swift; path = WarenausgangViewController.swift; sourceTree = "<group>"; };
		15532C021FCF5A3C00029798 /* WarenausgangListeViewController.swift */ = {isa = PBXFileReference; lastKnownFileType = sourcecode.swift; path = WarenausgangListeViewController.swift; sourceTree = "<group>"; };
		155A8D191FC1CD5B00A10E01 /* Picklist.swift */ = {isa = PBXFileReference; lastKnownFileType = sourcecode.swift; path = Picklist.swift; sourceTree = "<group>"; };
		156688AA1FB442BA00D16525 /* AbschlussViewController.swift */ = {isa = PBXFileReference; lastKnownFileType = sourcecode.swift; path = AbschlussViewController.swift; sourceTree = "<group>"; };
		158953231FEB158E00DA49BC /* Lager.storyboard */ = {isa = PBXFileReference; lastKnownFileType = file.storyboard; path = Lager.storyboard; sourceTree = "<group>"; };
		158953251FEB15A200DA49BC /* LagerChefViewController.swift */ = {isa = PBXFileReference; lastKnownFileType = sourcecode.swift; path = LagerChefViewController.swift; sourceTree = "<group>"; };
		159E61E41FD2D1FA00B8117B /* Receive.swift */ = {isa = PBXFileReference; lastKnownFileType = sourcecode.swift; path = Receive.swift; sourceTree = "<group>"; };
		159E61E61FD3019600B8117B /* WEViewController.swift */ = {isa = PBXFileReference; lastKnownFileType = sourcecode.swift; path = WEViewController.swift; sourceTree = "<group>"; };
		159E61E81FD315B400B8117B /* PufferViewController.swift */ = {isa = PBXFileReference; lastKnownFileType = sourcecode.swift; path = PufferViewController.swift; sourceTree = "<group>"; };
		15A0F1631FEEBEAA0015CFD8 /* info.storyboard */ = {isa = PBXFileReference; lastKnownFileType = file.storyboard; path = info.storyboard; sourceTree = "<group>"; };
		15A0F1651FEEBEBE0015CFD8 /* infoViewController.swift */ = {isa = PBXFileReference; lastKnownFileType = sourcecode.swift; path = infoViewController.swift; sourceTree = "<group>"; };
		15A5D09C1FCF443400015FAB /* Wareneingang.storyboard */ = {isa = PBXFileReference; lastKnownFileType = file.storyboard; path = Wareneingang.storyboard; sourceTree = "<group>"; };
		15A5D09E1FCF448C00015FAB /* WareneingagViewController.swift */ = {isa = PBXFileReference; lastKnownFileType = sourcecode.swift; path = WareneingagViewController.swift; sourceTree = "<group>"; };
		15A5D0A21FCF4B5700015FAB /* WareneingangListeViewController.swift */ = {isa = PBXFileReference; lastKnownFileType = sourcecode.swift; path = WareneingangListeViewController.swift; sourceTree = "<group>"; };
		15A5D0A41FCF4E5500015FAB /* WECell.xib */ = {isa = PBXFileReference; lastKnownFileType = file.xib; path = WECell.xib; sourceTree = "<group>"; };
		15A5D0A61FCF4F6200015FAB /* WarenEingangTableViewCell.swift */ = {isa = PBXFileReference; lastKnownFileType = sourcecode.swift; path = WarenEingangTableViewCell.swift; sourceTree = "<group>"; };
		15A5D0A91FCF573C00015FAB /* warenausgang.storyboard */ = {isa = PBXFileReference; lastKnownFileType = file.storyboard; path = warenausgang.storyboard; sourceTree = "<group>"; };
		15AF50531FC7577C004BF17F /* AuthViewController.swift */ = {isa = PBXFileReference; lastKnownFileType = sourcecode.swift; path = AuthViewController.swift; sourceTree = "<group>"; };
		15D7FA141FC76D9F00A267D3 /* NachScannenInventurViewController.swift */ = {isa = PBXFileReference; lastKnownFileType = sourcecode.swift; path = NachScannenInventurViewController.swift; sourceTree = "<group>"; };
		39A7808643702DC86E44E6EA /* Pods-iPickerTests.release.xcconfig */ = {isa = PBXFileReference; includeInIndex = 1; lastKnownFileType = text.xcconfig; name = "Pods-iPickerTests.release.xcconfig"; path = "Pods/Target Support Files/Pods-iPickerTests/Pods-iPickerTests.release.xcconfig"; sourceTree = "<group>"; };
		44FD81DBA8436D429906C950 /* Pods_iPickerTests.framework */ = {isa = PBXFileReference; explicitFileType = wrapper.framework; includeInIndex = 0; path = Pods_iPickerTests.framework; sourceTree = BUILT_PRODUCTS_DIR; };
		466C4BE2514171DAA2FA960A /* Pods-iPickerTests.debug.xcconfig */ = {isa = PBXFileReference; includeInIndex = 1; lastKnownFileType = text.xcconfig; name = "Pods-iPickerTests.debug.xcconfig"; path = "Pods/Target Support Files/Pods-iPickerTests/Pods-iPickerTests.debug.xcconfig"; sourceTree = "<group>"; };
		544A35A48CC0F5FD4EEEE86B /* Pods_iPickerUITests.framework */ = {isa = PBXFileReference; explicitFileType = wrapper.framework; includeInIndex = 0; path = Pods_iPickerUITests.framework; sourceTree = BUILT_PRODUCTS_DIR; };
		5AF14E6FABFD4B7537D2DD1E /* Pods-iPicker.release.xcconfig */ = {isa = PBXFileReference; includeInIndex = 1; lastKnownFileType = text.xcconfig; name = "Pods-iPicker.release.xcconfig"; path = "Pods/Target Support Files/Pods-iPicker/Pods-iPicker.release.xcconfig"; sourceTree = "<group>"; };
		620008182545E1A5629E8A1F /* Pods-iPicker.debug.xcconfig */ = {isa = PBXFileReference; includeInIndex = 1; lastKnownFileType = text.xcconfig; name = "Pods-iPicker.debug.xcconfig"; path = "Pods/Target Support Files/Pods-iPicker/Pods-iPicker.debug.xcconfig"; sourceTree = "<group>"; };
		6FD73AF09DD576CD75EE5D26 /* Pods_iPicker.framework */ = {isa = PBXFileReference; explicitFileType = wrapper.framework; includeInIndex = 0; path = Pods_iPicker.framework; sourceTree = BUILT_PRODUCTS_DIR; };
		AC29903B1FC85A1500A7CFA4 /* AbschlussPickenViewController.swift */ = {isa = PBXFileReference; lastKnownFileType = sourcecode.swift; path = AbschlussPickenViewController.swift; sourceTree = "<group>"; };
		AC29903D1FC85A3D00A7CFA4 /* ListPickViewController.swift */ = {isa = PBXFileReference; lastKnownFileType = sourcecode.swift; path = ListPickViewController.swift; sourceTree = "<group>"; };
		AC29903F1FC85A7500A7CFA4 /* ListPickCell.xib */ = {isa = PBXFileReference; lastKnownFileType = file.xib; path = ListPickCell.xib; sourceTree = "<group>"; };
		AC2990411FC85B2D00A7CFA4 /* ListPickerCell.swift */ = {isa = PBXFileReference; lastKnownFileType = sourcecode.swift; path = ListPickerCell.swift; sourceTree = "<group>"; };
		AC7CC07E1FBF09000007724F /* OrderedDictionary.framework */ = {isa = PBXFileReference; lastKnownFileType = wrapper.framework; name = OrderedDictionary.framework; path = Carthage/Build/iOS/OrderedDictionary.framework; sourceTree = "<group>"; };
		AC7CC0821FBF1EDA0007724F /* PickerCell.xib */ = {isa = PBXFileReference; lastKnownFileType = file.xib; path = PickerCell.xib; sourceTree = "<group>"; };
		AC7CC0841FBF1EFC0007724F /* PickerTableViewCell.swift */ = {isa = PBXFileReference; lastKnownFileType = sourcecode.swift; path = PickerTableViewCell.swift; sourceTree = "<group>"; };
		AC7CC0861FBF21970007724F /* PickerViewController.swift */ = {isa = PBXFileReference; lastKnownFileType = sourcecode.swift; path = PickerViewController.swift; sourceTree = "<group>"; };
		AC7CC0881FBF44230007724F /* WagenViewController.swift */ = {isa = PBXFileReference; lastKnownFileType = sourcecode.swift; path = WagenViewController.swift; sourceTree = "<group>"; };
		AC843BB51FEAE2FB00818323 /* SessionViewController.swift */ = {isa = PBXFileReference; lastKnownFileType = sourcecode.swift; path = SessionViewController.swift; sourceTree = "<group>"; };
		ACB699791FE5CD8400124C11 /* TestViewController.swift */ = {isa = PBXFileReference; lastKnownFileType = sourcecode.swift; path = TestViewController.swift; sourceTree = "<group>"; };
		ACB6997B1FE5CFA700124C11 /* test.storyboard */ = {isa = PBXFileReference; lastKnownFileType = file.storyboard; path = test.storyboard; sourceTree = "<group>"; };
		ACF576AE1FEC0A6200471DDA /* LagerDetailViewController.swift */ = {isa = PBXFileReference; lastKnownFileType = sourcecode.swift; path = LagerDetailViewController.swift; sourceTree = "<group>"; };
		F31D0F9959785329F5D05487 /* Pods-iPickerUITests.release.xcconfig */ = {isa = PBXFileReference; includeInIndex = 1; lastKnownFileType = text.xcconfig; name = "Pods-iPickerUITests.release.xcconfig"; path = "Pods/Target Support Files/Pods-iPickerUITests/Pods-iPickerUITests.release.xcconfig"; sourceTree = "<group>"; };
/* End PBXFileReference section */

/* Begin PBXFrameworksBuildPhase section */
		152FAEBD1FAF92AB00D68C42 /* Frameworks */ = {
			isa = PBXFrameworksBuildPhase;
			buildActionMask = 2147483647;
			files = (
				AC7CC07F1FBF09000007724F /* OrderedDictionary.framework in Frameworks */,
				5D5E7223276106DE9CF7418C /* Pods_iPicker.framework in Frameworks */,
			);
			runOnlyForDeploymentPostprocessing = 0;
		};
		152FAED41FAF92AB00D68C42 /* Frameworks */ = {
			isa = PBXFrameworksBuildPhase;
			buildActionMask = 2147483647;
			files = (
				B8031C13391255C2D39306DD /* Pods_iPickerTests.framework in Frameworks */,
			);
			runOnlyForDeploymentPostprocessing = 0;
		};
		152FAEDF1FAF92AB00D68C42 /* Frameworks */ = {
			isa = PBXFrameworksBuildPhase;
			buildActionMask = 2147483647;
			files = (
				FF9EBDA7AED8B7A843CBB6E5 /* Pods_iPickerUITests.framework in Frameworks */,
			);
			runOnlyForDeploymentPostprocessing = 0;
		};
/* End PBXFrameworksBuildPhase section */

/* Begin PBXGroup section */
		152FAEB71FAF92AB00D68C42 = {
			isa = PBXGroup;
			children = (
				ACB6997B1FE5CFA700124C11 /* test.storyboard */,
				ACB699791FE5CD8400124C11 /* TestViewController.swift */,
				AC7CC07E1FBF09000007724F /* OrderedDictionary.framework */,
				152FAEC21FAF92AB00D68C42 /* iPicker */,
				152FAEDA1FAF92AB00D68C42 /* iPickerTests */,
				152FAEE51FAF92AB00D68C42 /* iPickerUITests */,
				152FAEC11FAF92AB00D68C42 /* Products */,
				DB83283AFE4CD23E5768157A /* Pods */,
				A4039321CD9709146A689C17 /* Frameworks */,
			);
			sourceTree = "<group>";
		};
		152FAEC11FAF92AB00D68C42 /* Products */ = {
			isa = PBXGroup;
			children = (
				152FAEC01FAF92AB00D68C42 /* iPicker.app */,
				152FAED71FAF92AB00D68C42 /* iPickerTests.xctest */,
				152FAEE21FAF92AB00D68C42 /* iPickerUITests.xctest */,
			);
			name = Products;
			sourceTree = "<group>";
		};
		152FAEC21FAF92AB00D68C42 /* iPicker */ = {
			isa = PBXGroup;
			children = (
				15A0F1671FEEC5FC0015CFD8 /* Müll */,
				15A0F1621FEEBE950015CFD8 /* Info */,
				158953221FEB157800DA49BC /* LagerChef */,
				159E61E31FD2D1BA00B8117B /* MyStructs */,
				15A5D0A81FCF572E00015FAB /* Warenausang */,
				15A5D0A11FCF44B500015FAB /* WarenEingang */,
				AC2990391FC8598100A7CFA4 /* Picken */,
				AC29903A1FC8599800A7CFA4 /* xibDateien */,
				15AF50551FC762C3004BF17F /* Inventur */,
				152FAEC71FAF92AB00D68C42 /* Main.storyboard */,
				152FAECF1FAF92AB00D68C42 /* LaunchScreen.storyboard */,
				153816721FB2657C00B46230 /* MainViewController.swift */,
				15AF50531FC7577C004BF17F /* AuthViewController.swift */,
				152FAEC31FAF92AB00D68C42 /* AppDelegate.swift */,
				152FAECD1FAF92AB00D68C42 /* Assets.xcassets */,
				152FAED21FAF92AB00D68C42 /* Info.plist */,
			);
			path = iPicker;
			sourceTree = "<group>";
		};
		152FAEDA1FAF92AB00D68C42 /* iPickerTests */ = {
			isa = PBXGroup;
			children = (
				152FAEDB1FAF92AB00D68C42 /* iPickerTests.swift */,
				152FAEDD1FAF92AB00D68C42 /* Info.plist */,
			);
			path = iPickerTests;
			sourceTree = "<group>";
		};
		152FAEE51FAF92AB00D68C42 /* iPickerUITests */ = {
			isa = PBXGroup;
			children = (
				152FAEE61FAF92AB00D68C42 /* iPickerUITests.swift */,
				152FAEE81FAF92AB00D68C42 /* Info.plist */,
			);
			path = iPickerUITests;
			sourceTree = "<group>";
		};
		158953221FEB157800DA49BC /* LagerChef */ = {
			isa = PBXGroup;
			children = (
				158953231FEB158E00DA49BC /* Lager.storyboard */,
				158953251FEB15A200DA49BC /* LagerChefViewController.swift */,
				ACF576AE1FEC0A6200471DDA /* LagerDetailViewController.swift */,
			);
			path = LagerChef;
			sourceTree = "<group>";
		};
		159E61E31FD2D1BA00B8117B /* MyStructs */ = {
			isa = PBXGroup;
			children = (
				155A8D191FC1CD5B00A10E01 /* Picklist.swift */,
				159E61E41FD2D1FA00B8117B /* Receive.swift */,
			);
			path = MyStructs;
			sourceTree = "<group>";
		};
		15A0F1621FEEBE950015CFD8 /* Info */ = {
			isa = PBXGroup;
			children = (
				15A0F1631FEEBEAA0015CFD8 /* info.storyboard */,
				15A0F1651FEEBEBE0015CFD8 /* infoViewController.swift */,
			);
			path = Info;
			sourceTree = "<group>";
		};
		15A0F1671FEEC5FC0015CFD8 /* Müll */ = {
			isa = PBXGroup;
			children = (
				156688AA1FB442BA00D16525 /* AbschlussViewController.swift */,
				153816741FB26F5F00B46230 /* SeocondViewController.swift */,
				151048D61FB0E6A8004352A8 /* MyCollectionViewCell.swift */,
				152FAEC51FAF92AB00D68C42 /* ViewController.swift */,
				AC843BB51FEAE2FB00818323 /* SessionViewController.swift */,
				159E61E81FD315B400B8117B /* PufferViewController.swift */,
				15A5D0A61FCF4F6200015FAB /* WarenEingangTableViewCell.swift */,
				15A5D09E1FCF448C00015FAB /* WareneingagViewController.swift */,
				152FAECA1FAF92AB00D68C42 /* iPicker.xcdatamodeld */,
				152FAEF51FAF949700D68C42 /* MyFile.swift */,
			);
			name = "Müll";
			path = "Müll";
			sourceTree = "<group>";
		};
		15A5D0A11FCF44B500015FAB /* WarenEingang */ = {
			isa = PBXGroup;
			children = (
				15A5D09C1FCF443400015FAB /* Wareneingang.storyboard */,
				159E61E61FD3019600B8117B /* WEViewController.swift */,
				15A5D0A21FCF4B5700015FAB /* WareneingangListeViewController.swift */,
				1510D5E51FDA7DF7003A9EC8 /* CompleteWEViewController.swift */,
			);
			path = WarenEingang;
			sourceTree = "<group>";
		};
		15A5D0A81FCF572E00015FAB /* Warenausang */ = {
			isa = PBXGroup;
			children = (
				15A5D0A91FCF573C00015FAB /* warenausgang.storyboard */,
				15532C001FCF589F00029798 /* WarenausgangViewController.swift */,
				15532C021FCF5A3C00029798 /* WarenausgangListeViewController.swift */,
				1527D6CE1FD9AC3D00F90377 /* CompleteWAViewController.swift */,
			);
			path = Warenausang;
			sourceTree = "<group>";
		};
		15AF50551FC762C3004BF17F /* Inventur */ = {
			isa = PBXGroup;
			children = (
				1537B1A31FC1E15500BA134A /* InventurViewController.swift */,
				15D7FA141FC76D9F00A267D3 /* NachScannenInventurViewController.swift */,
			);
			path = Inventur;
			sourceTree = "<group>";
		};
		A4039321CD9709146A689C17 /* Frameworks */ = {
			isa = PBXGroup;
			children = (
				6FD73AF09DD576CD75EE5D26 /* Pods_iPicker.framework */,
				44FD81DBA8436D429906C950 /* Pods_iPickerTests.framework */,
				544A35A48CC0F5FD4EEEE86B /* Pods_iPickerUITests.framework */,
			);
			name = Frameworks;
			sourceTree = "<group>";
		};
		AC2990391FC8598100A7CFA4 /* Picken */ = {
			isa = PBXGroup;
			children = (
				AC29903F1FC85A7500A7CFA4 /* ListPickCell.xib */,
				AC2990411FC85B2D00A7CFA4 /* ListPickerCell.swift */,
				AC29903D1FC85A3D00A7CFA4 /* ListPickViewController.swift */,
				AC7CC0881FBF44230007724F /* WagenViewController.swift */,
				AC7CC0861FBF21970007724F /* PickerViewController.swift */,
				AC7CC0841FBF1EFC0007724F /* PickerTableViewCell.swift */,
				AC29903B1FC85A1500A7CFA4 /* AbschlussPickenViewController.swift */,
			);
			path = Picken;
			sourceTree = "<group>";
		};
		AC29903A1FC8599800A7CFA4 /* xibDateien */ = {
			isa = PBXGroup;
			children = (
				15A5D0A41FCF4E5500015FAB /* WECell.xib */,
				AC7CC0821FBF1EDA0007724F /* PickerCell.xib */,
			);
			path = xibDateien;
			sourceTree = "<group>";
		};
		DB83283AFE4CD23E5768157A /* Pods */ = {
			isa = PBXGroup;
			children = (
				620008182545E1A5629E8A1F /* Pods-iPicker.debug.xcconfig */,
				5AF14E6FABFD4B7537D2DD1E /* Pods-iPicker.release.xcconfig */,
				466C4BE2514171DAA2FA960A /* Pods-iPickerTests.debug.xcconfig */,
				39A7808643702DC86E44E6EA /* Pods-iPickerTests.release.xcconfig */,
				1315F173CB5A99F902C45027 /* Pods-iPickerUITests.debug.xcconfig */,
				F31D0F9959785329F5D05487 /* Pods-iPickerUITests.release.xcconfig */,
			);
			name = Pods;
			sourceTree = "<group>";
		};
/* End PBXGroup section */

/* Begin PBXNativeTarget section */
		152FAEBF1FAF92AB00D68C42 /* iPicker */ = {
			isa = PBXNativeTarget;
			buildConfigurationList = 152FAEEB1FAF92AB00D68C42 /* Build configuration list for PBXNativeTarget "iPicker" */;
			buildPhases = (
				AB54424A2CC89B638B25633B /* [CP] Check Pods Manifest.lock */,
				152FAEBC1FAF92AB00D68C42 /* Sources */,
				152FAEBD1FAF92AB00D68C42 /* Frameworks */,
				152FAEBE1FAF92AB00D68C42 /* Resources */,
				C9167E7CBC29878E4BF12E6E /* [CP] Embed Pods Frameworks */,
				E49709F5B9C572C227625053 /* [CP] Copy Pods Resources */,
				AC7CC0811FBF09000007724F /* Embed Frameworks */,
			);
			buildRules = (
			);
			dependencies = (
			);
			name = iPicker;
			productName = iPicker;
			productReference = 152FAEC01FAF92AB00D68C42 /* iPicker.app */;
			productType = "com.apple.product-type.application";
		};
		152FAED61FAF92AB00D68C42 /* iPickerTests */ = {
			isa = PBXNativeTarget;
			buildConfigurationList = 152FAEEE1FAF92AB00D68C42 /* Build configuration list for PBXNativeTarget "iPickerTests" */;
			buildPhases = (
				9FE8CF687CAE41F561A5161A /* [CP] Check Pods Manifest.lock */,
				152FAED31FAF92AB00D68C42 /* Sources */,
				152FAED41FAF92AB00D68C42 /* Frameworks */,
				152FAED51FAF92AB00D68C42 /* Resources */,
				9273CDAEE2335AD06C37E87B /* [CP] Embed Pods Frameworks */,
				BC423CD6631BA227CB1C2613 /* [CP] Copy Pods Resources */,
			);
			buildRules = (
			);
			dependencies = (
				152FAED91FAF92AB00D68C42 /* PBXTargetDependency */,
			);
			name = iPickerTests;
			productName = iPickerTests;
			productReference = 152FAED71FAF92AB00D68C42 /* iPickerTests.xctest */;
			productType = "com.apple.product-type.bundle.unit-test";
		};
		152FAEE11FAF92AB00D68C42 /* iPickerUITests */ = {
			isa = PBXNativeTarget;
			buildConfigurationList = 152FAEF11FAF92AB00D68C42 /* Build configuration list for PBXNativeTarget "iPickerUITests" */;
			buildPhases = (
				4995189F3E337493C1289CCF /* [CP] Check Pods Manifest.lock */,
				152FAEDE1FAF92AB00D68C42 /* Sources */,
				152FAEDF1FAF92AB00D68C42 /* Frameworks */,
				152FAEE01FAF92AB00D68C42 /* Resources */,
				0CB35FA5A5F5A21529CC42B8 /* [CP] Embed Pods Frameworks */,
				02C013AD7C63DB855DA4FABD /* [CP] Copy Pods Resources */,
			);
			buildRules = (
			);
			dependencies = (
				152FAEE41FAF92AB00D68C42 /* PBXTargetDependency */,
			);
			name = iPickerUITests;
			productName = iPickerUITests;
			productReference = 152FAEE21FAF92AB00D68C42 /* iPickerUITests.xctest */;
			productType = "com.apple.product-type.bundle.ui-testing";
		};
/* End PBXNativeTarget section */

/* Begin PBXProject section */
		152FAEB81FAF92AB00D68C42 /* Project object */ = {
			isa = PBXProject;
			attributes = {
				LastSwiftUpdateCheck = 0910;
				LastUpgradeCheck = 0910;
				ORGANIZATIONNAME = "Osman Ashraf";
				TargetAttributes = {
					152FAEBF1FAF92AB00D68C42 = {
						CreatedOnToolsVersion = 9.1;
						ProvisioningStyle = Automatic;
					};
					152FAED61FAF92AB00D68C42 = {
						CreatedOnToolsVersion = 9.1;
						ProvisioningStyle = Automatic;
						TestTargetID = 152FAEBF1FAF92AB00D68C42;
					};
					152FAEE11FAF92AB00D68C42 = {
						CreatedOnToolsVersion = 9.1;
						ProvisioningStyle = Automatic;
						TestTargetID = 152FAEBF1FAF92AB00D68C42;
					};
				};
			};
			buildConfigurationList = 152FAEBB1FAF92AB00D68C42 /* Build configuration list for PBXProject "iPicker" */;
			compatibilityVersion = "Xcode 8.0";
			developmentRegion = en;
			hasScannedForEncodings = 0;
			knownRegions = (
				en,
				Base,
			);
			mainGroup = 152FAEB71FAF92AB00D68C42;
			productRefGroup = 152FAEC11FAF92AB00D68C42 /* Products */;
			projectDirPath = "";
			projectRoot = "";
			targets = (
				152FAEBF1FAF92AB00D68C42 /* iPicker */,
				152FAED61FAF92AB00D68C42 /* iPickerTests */,
				152FAEE11FAF92AB00D68C42 /* iPickerUITests */,
			);
		};
/* End PBXProject section */

/* Begin PBXResourcesBuildPhase section */
		152FAEBE1FAF92AB00D68C42 /* Resources */ = {
			isa = PBXResourcesBuildPhase;
			buildActionMask = 2147483647;
			files = (
				152FAED11FAF92AB00D68C42 /* LaunchScreen.storyboard in Resources */,
				15A5D0AA1FCF573C00015FAB /* warenausgang.storyboard in Resources */,
				AC7CC0831FBF1EDA0007724F /* PickerCell.xib in Resources */,
				15A5D0A51FCF4E5500015FAB /* WECell.xib in Resources */,
				15A5D09D1FCF443400015FAB /* Wareneingang.storyboard in Resources */,
				152FAECE1FAF92AB00D68C42 /* Assets.xcassets in Resources */,
				158953241FEB158E00DA49BC /* Lager.storyboard in Resources */,
				AC2990401FC85A7500A7CFA4 /* ListPickCell.xib in Resources */,
				15A0F1641FEEBEAB0015CFD8 /* info.storyboard in Resources */,
				ACB6997C1FE5CFA700124C11 /* test.storyboard in Resources */,
				152FAEC91FAF92AB00D68C42 /* Main.storyboard in Resources */,
			);
			runOnlyForDeploymentPostprocessing = 0;
		};
		152FAED51FAF92AB00D68C42 /* Resources */ = {
			isa = PBXResourcesBuildPhase;
			buildActionMask = 2147483647;
			files = (
			);
			runOnlyForDeploymentPostprocessing = 0;
		};
		152FAEE01FAF92AB00D68C42 /* Resources */ = {
			isa = PBXResourcesBuildPhase;
			buildActionMask = 2147483647;
			files = (
			);
			runOnlyForDeploymentPostprocessing = 0;
		};
/* End PBXResourcesBuildPhase section */

/* Begin PBXShellScriptBuildPhase section */
		02C013AD7C63DB855DA4FABD /* [CP] Copy Pods Resources */ = {
			isa = PBXShellScriptBuildPhase;
			buildActionMask = 2147483647;
			files = (
			);
			inputPaths = (
			);
			name = "[CP] Copy Pods Resources";
			outputPaths = (
			);
			runOnlyForDeploymentPostprocessing = 0;
			shellPath = /bin/sh;
			shellScript = "\"${SRCROOT}/Pods/Target Support Files/Pods-iPickerUITests/Pods-iPickerUITests-resources.sh\"\n";
			showEnvVarsInLog = 0;
		};
		0CB35FA5A5F5A21529CC42B8 /* [CP] Embed Pods Frameworks */ = {
			isa = PBXShellScriptBuildPhase;
			buildActionMask = 2147483647;
			files = (
			);
			inputPaths = (
			);
			name = "[CP] Embed Pods Frameworks";
			outputPaths = (
			);
			runOnlyForDeploymentPostprocessing = 0;
			shellPath = /bin/sh;
			shellScript = "\"${SRCROOT}/Pods/Target Support Files/Pods-iPickerUITests/Pods-iPickerUITests-frameworks.sh\"\n";
			showEnvVarsInLog = 0;
		};
		4995189F3E337493C1289CCF /* [CP] Check Pods Manifest.lock */ = {
			isa = PBXShellScriptBuildPhase;
			buildActionMask = 2147483647;
			files = (
			);
			inputPaths = (
			);
			name = "[CP] Check Pods Manifest.lock";
			outputPaths = (
			);
			runOnlyForDeploymentPostprocessing = 0;
			shellPath = /bin/sh;
			shellScript = "diff \"${PODS_ROOT}/../Podfile.lock\" \"${PODS_ROOT}/Manifest.lock\" > /dev/null\nif [ $? != 0 ] ; then\n    # print error to STDERR\n    echo \"error: The sandbox is not in sync with the Podfile.lock. Run 'pod install' or update your CocoaPods installation.\" >&2\n    exit 1\nfi\n";
			showEnvVarsInLog = 0;
		};
		9273CDAEE2335AD06C37E87B /* [CP] Embed Pods Frameworks */ = {
			isa = PBXShellScriptBuildPhase;
			buildActionMask = 2147483647;
			files = (
			);
			inputPaths = (
			);
			name = "[CP] Embed Pods Frameworks";
			outputPaths = (
			);
			runOnlyForDeploymentPostprocessing = 0;
			shellPath = /bin/sh;
			shellScript = "\"${SRCROOT}/Pods/Target Support Files/Pods-iPickerTests/Pods-iPickerTests-frameworks.sh\"\n";
			showEnvVarsInLog = 0;
		};
		9FE8CF687CAE41F561A5161A /* [CP] Check Pods Manifest.lock */ = {
			isa = PBXShellScriptBuildPhase;
			buildActionMask = 2147483647;
			files = (
			);
			inputPaths = (
			);
			name = "[CP] Check Pods Manifest.lock";
			outputPaths = (
			);
			runOnlyForDeploymentPostprocessing = 0;
			shellPath = /bin/sh;
			shellScript = "diff \"${PODS_ROOT}/../Podfile.lock\" \"${PODS_ROOT}/Manifest.lock\" > /dev/null\nif [ $? != 0 ] ; then\n    # print error to STDERR\n    echo \"error: The sandbox is not in sync with the Podfile.lock. Run 'pod install' or update your CocoaPods installation.\" >&2\n    exit 1\nfi\n";
			showEnvVarsInLog = 0;
		};
		AB54424A2CC89B638B25633B /* [CP] Check Pods Manifest.lock */ = {
			isa = PBXShellScriptBuildPhase;
			buildActionMask = 2147483647;
			files = (
			);
			inputPaths = (
			);
			name = "[CP] Check Pods Manifest.lock";
			outputPaths = (
			);
			runOnlyForDeploymentPostprocessing = 0;
			shellPath = /bin/sh;
			shellScript = "diff \"${PODS_ROOT}/../Podfile.lock\" \"${PODS_ROOT}/Manifest.lock\" > /dev/null\nif [ $? != 0 ] ; then\n    # print error to STDERR\n    echo \"error: The sandbox is not in sync with the Podfile.lock. Run 'pod install' or update your CocoaPods installation.\" >&2\n    exit 1\nfi\n";
			showEnvVarsInLog = 0;
		};
		BC423CD6631BA227CB1C2613 /* [CP] Copy Pods Resources */ = {
			isa = PBXShellScriptBuildPhase;
			buildActionMask = 2147483647;
			files = (
			);
			inputPaths = (
			);
			name = "[CP] Copy Pods Resources";
			outputPaths = (
			);
			runOnlyForDeploymentPostprocessing = 0;
			shellPath = /bin/sh;
			shellScript = "\"${SRCROOT}/Pods/Target Support Files/Pods-iPickerTests/Pods-iPickerTests-resources.sh\"\n";
			showEnvVarsInLog = 0;
		};
		C9167E7CBC29878E4BF12E6E /* [CP] Embed Pods Frameworks */ = {
			isa = PBXShellScriptBuildPhase;
			buildActionMask = 2147483647;
			files = (
			);
			inputPaths = (
			);
			name = "[CP] Embed Pods Frameworks";
			outputPaths = (
			);
			runOnlyForDeploymentPostprocessing = 0;
			shellPath = /bin/sh;
			shellScript = "\"${SRCROOT}/Pods/Target Support Files/Pods-iPicker/Pods-iPicker-frameworks.sh\"\n";
			showEnvVarsInLog = 0;
		};
		E49709F5B9C572C227625053 /* [CP] Copy Pods Resources */ = {
			isa = PBXShellScriptBuildPhase;
			buildActionMask = 2147483647;
			files = (
			);
			inputPaths = (
			);
			name = "[CP] Copy Pods Resources";
			outputPaths = (
			);
			runOnlyForDeploymentPostprocessing = 0;
			shellPath = /bin/sh;
			shellScript = "\"${SRCROOT}/Pods/Target Support Files/Pods-iPicker/Pods-iPicker-resources.sh\"\n";
			showEnvVarsInLog = 0;
		};
/* End PBXShellScriptBuildPhase section */

/* Begin PBXSourcesBuildPhase section */
		152FAEBC1FAF92AB00D68C42 /* Sources */ = {
			isa = PBXSourcesBuildPhase;
			buildActionMask = 2147483647;
			files = (
				1537B1A41FC1E15500BA134A /* InventurViewController.swift in Sources */,
				AC7CC0871FBF21970007724F /* PickerViewController.swift in Sources */,
				15532C031FCF5A3C00029798 /* WarenausgangListeViewController.swift in Sources */,
				AC843BB61FEAE2FB00818323 /* SessionViewController.swift in Sources */,
				159E61E51FD2D1FA00B8117B /* Receive.swift in Sources */,
				15A5D0A31FCF4B5700015FAB /* WareneingangListeViewController.swift in Sources */,
				158953261FEB15A200DA49BC /* LagerChefViewController.swift in Sources */,
				152FAECC1FAF92AB00D68C42 /* iPicker.xcdatamodeld in Sources */,
				AC2990421FC85B2D00A7CFA4 /* ListPickerCell.swift in Sources */,
				15D7FA151FC76D9F00A267D3 /* NachScannenInventurViewController.swift in Sources */,
				153816751FB26F5F00B46230 /* SeocondViewController.swift in Sources */,
				151048D71FB0E6A8004352A8 /* MyCollectionViewCell.swift in Sources */,
				159E61E71FD3019600B8117B /* WEViewController.swift in Sources */,
				AC29903E1FC85A3D00A7CFA4 /* ListPickViewController.swift in Sources */,
				15A5D0A71FCF4F6200015FAB /* WarenEingangTableViewCell.swift in Sources */,
				AC7CC0891FBF44230007724F /* WagenViewController.swift in Sources */,
				AC29903C1FC85A1500A7CFA4 /* AbschlussPickenViewController.swift in Sources */,
				152FAEF61FAF949700D68C42 /* MyFile.swift in Sources */,
				AC7CC0851FBF1EFC0007724F /* PickerTableViewCell.swift in Sources */,
				1510D5E61FDA7DF7003A9EC8 /* CompleteWEViewController.swift in Sources */,
				153816731FB2657D00B46230 /* MainViewController.swift in Sources */,
				155A8D1A1FC1CD5B00A10E01 /* Picklist.swift in Sources */,
				1527D6CF1FD9AC3D00F90377 /* CompleteWAViewController.swift in Sources */,
				ACF576AF1FEC0A6200471DDA /* LagerDetailViewController.swift in Sources */,
				15A0F1661FEEBEBE0015CFD8 /* infoViewController.swift in Sources */,
				15532C011FCF589F00029798 /* WarenausgangViewController.swift in Sources */,
				15AF50541FC7577C004BF17F /* AuthViewController.swift in Sources */,
				152FAEC61FAF92AB00D68C42 /* ViewController.swift in Sources */,
				159E61E91FD315B400B8117B /* PufferViewController.swift in Sources */,
				ACB6997A1FE5CD8400124C11 /* TestViewController.swift in Sources */,
				152FAEC41FAF92AB00D68C42 /* AppDelegate.swift in Sources */,
				15A5D09F1FCF448C00015FAB /* WareneingagViewController.swift in Sources */,
				156688AB1FB442BA00D16525 /* AbschlussViewController.swift in Sources */,
			);
			runOnlyForDeploymentPostprocessing = 0;
		};
		152FAED31FAF92AB00D68C42 /* Sources */ = {
			isa = PBXSourcesBuildPhase;
			buildActionMask = 2147483647;
			files = (
				152FAEDC1FAF92AB00D68C42 /* iPickerTests.swift in Sources */,
			);
			runOnlyForDeploymentPostprocessing = 0;
		};
		152FAEDE1FAF92AB00D68C42 /* Sources */ = {
			isa = PBXSourcesBuildPhase;
			buildActionMask = 2147483647;
			files = (
				152FAEE71FAF92AB00D68C42 /* iPickerUITests.swift in Sources */,
			);
			runOnlyForDeploymentPostprocessing = 0;
		};
/* End PBXSourcesBuildPhase section */

/* Begin PBXTargetDependency section */
		152FAED91FAF92AB00D68C42 /* PBXTargetDependency */ = {
			isa = PBXTargetDependency;
			target = 152FAEBF1FAF92AB00D68C42 /* iPicker */;
			targetProxy = 152FAED81FAF92AB00D68C42 /* PBXContainerItemProxy */;
		};
		152FAEE41FAF92AB00D68C42 /* PBXTargetDependency */ = {
			isa = PBXTargetDependency;
			target = 152FAEBF1FAF92AB00D68C42 /* iPicker */;
			targetProxy = 152FAEE31FAF92AB00D68C42 /* PBXContainerItemProxy */;
		};
/* End PBXTargetDependency section */

/* Begin PBXVariantGroup section */
		152FAEC71FAF92AB00D68C42 /* Main.storyboard */ = {
			isa = PBXVariantGroup;
			children = (
				152FAEC81FAF92AB00D68C42 /* Base */,
			);
			name = Main.storyboard;
			sourceTree = "<group>";
		};
		152FAECF1FAF92AB00D68C42 /* LaunchScreen.storyboard */ = {
			isa = PBXVariantGroup;
			children = (
				152FAED01FAF92AB00D68C42 /* Base */,
			);
			name = LaunchScreen.storyboard;
			sourceTree = "<group>";
		};
/* End PBXVariantGroup section */

/* Begin XCBuildConfiguration section */
		152FAEE91FAF92AB00D68C42 /* Debug */ = {
			isa = XCBuildConfiguration;
			buildSettings = {
				ALWAYS_SEARCH_USER_PATHS = NO;
				CLANG_ANALYZER_NONNULL = YES;
				CLANG_ANALYZER_NUMBER_OBJECT_CONVERSION = YES_AGGRESSIVE;
				CLANG_CXX_LANGUAGE_STANDARD = "gnu++14";
				CLANG_CXX_LIBRARY = "libc++";
				CLANG_ENABLE_MODULES = YES;
				CLANG_ENABLE_OBJC_ARC = YES;
				CLANG_WARN_BLOCK_CAPTURE_AUTORELEASING = YES;
				CLANG_WARN_BOOL_CONVERSION = YES;
				CLANG_WARN_COMMA = YES;
				CLANG_WARN_CONSTANT_CONVERSION = YES;
				CLANG_WARN_DIRECT_OBJC_ISA_USAGE = YES_ERROR;
				CLANG_WARN_DOCUMENTATION_COMMENTS = YES;
				CLANG_WARN_EMPTY_BODY = YES;
				CLANG_WARN_ENUM_CONVERSION = YES;
				CLANG_WARN_INFINITE_RECURSION = YES;
				CLANG_WARN_INT_CONVERSION = YES;
				CLANG_WARN_NON_LITERAL_NULL_CONVERSION = YES;
				CLANG_WARN_OBJC_LITERAL_CONVERSION = YES;
				CLANG_WARN_OBJC_ROOT_CLASS = YES_ERROR;
				CLANG_WARN_RANGE_LOOP_ANALYSIS = YES;
				CLANG_WARN_STRICT_PROTOTYPES = YES;
				CLANG_WARN_SUSPICIOUS_MOVE = YES;
				CLANG_WARN_UNGUARDED_AVAILABILITY = YES_AGGRESSIVE;
				CLANG_WARN_UNREACHABLE_CODE = YES;
				CLANG_WARN__DUPLICATE_METHOD_MATCH = YES;
				CODE_SIGN_IDENTITY = "iPhone Developer";
				COPY_PHASE_STRIP = NO;
				DEBUG_INFORMATION_FORMAT = dwarf;
				ENABLE_STRICT_OBJC_MSGSEND = YES;
				ENABLE_TESTABILITY = YES;
				GCC_C_LANGUAGE_STANDARD = gnu11;
				GCC_DYNAMIC_NO_PIC = NO;
				GCC_NO_COMMON_BLOCKS = YES;
				GCC_OPTIMIZATION_LEVEL = 0;
				GCC_PREPROCESSOR_DEFINITIONS = (
					"DEBUG=1",
					"$(inherited)",
				);
				GCC_WARN_64_TO_32_BIT_CONVERSION = YES;
				GCC_WARN_ABOUT_RETURN_TYPE = YES_ERROR;
				GCC_WARN_UNDECLARED_SELECTOR = YES;
				GCC_WARN_UNINITIALIZED_AUTOS = YES_AGGRESSIVE;
				GCC_WARN_UNUSED_FUNCTION = YES;
				GCC_WARN_UNUSED_VARIABLE = YES;
				IPHONEOS_DEPLOYMENT_TARGET = 11.1;
				MTL_ENABLE_DEBUG_INFO = YES;
				ONLY_ACTIVE_ARCH = YES;
				SDKROOT = iphoneos;
				SWIFT_ACTIVE_COMPILATION_CONDITIONS = DEBUG;
				SWIFT_OPTIMIZATION_LEVEL = "-Onone";
			};
			name = Debug;
		};
		152FAEEA1FAF92AB00D68C42 /* Release */ = {
			isa = XCBuildConfiguration;
			buildSettings = {
				ALWAYS_SEARCH_USER_PATHS = NO;
				CLANG_ANALYZER_NONNULL = YES;
				CLANG_ANALYZER_NUMBER_OBJECT_CONVERSION = YES_AGGRESSIVE;
				CLANG_CXX_LANGUAGE_STANDARD = "gnu++14";
				CLANG_CXX_LIBRARY = "libc++";
				CLANG_ENABLE_MODULES = YES;
				CLANG_ENABLE_OBJC_ARC = YES;
				CLANG_WARN_BLOCK_CAPTURE_AUTORELEASING = YES;
				CLANG_WARN_BOOL_CONVERSION = YES;
				CLANG_WARN_COMMA = YES;
				CLANG_WARN_CONSTANT_CONVERSION = YES;
				CLANG_WARN_DIRECT_OBJC_ISA_USAGE = YES_ERROR;
				CLANG_WARN_DOCUMENTATION_COMMENTS = YES;
				CLANG_WARN_EMPTY_BODY = YES;
				CLANG_WARN_ENUM_CONVERSION = YES;
				CLANG_WARN_INFINITE_RECURSION = YES;
				CLANG_WARN_INT_CONVERSION = YES;
				CLANG_WARN_NON_LITERAL_NULL_CONVERSION = YES;
				CLANG_WARN_OBJC_LITERAL_CONVERSION = YES;
				CLANG_WARN_OBJC_ROOT_CLASS = YES_ERROR;
				CLANG_WARN_RANGE_LOOP_ANALYSIS = YES;
				CLANG_WARN_STRICT_PROTOTYPES = YES;
				CLANG_WARN_SUSPICIOUS_MOVE = YES;
				CLANG_WARN_UNGUARDED_AVAILABILITY = YES_AGGRESSIVE;
				CLANG_WARN_UNREACHABLE_CODE = YES;
				CLANG_WARN__DUPLICATE_METHOD_MATCH = YES;
				CODE_SIGN_IDENTITY = "iPhone Developer";
				COPY_PHASE_STRIP = NO;
				DEBUG_INFORMATION_FORMAT = "dwarf-with-dsym";
				ENABLE_NS_ASSERTIONS = NO;
				ENABLE_STRICT_OBJC_MSGSEND = YES;
				GCC_C_LANGUAGE_STANDARD = gnu11;
				GCC_NO_COMMON_BLOCKS = YES;
				GCC_WARN_64_TO_32_BIT_CONVERSION = YES;
				GCC_WARN_ABOUT_RETURN_TYPE = YES_ERROR;
				GCC_WARN_UNDECLARED_SELECTOR = YES;
				GCC_WARN_UNINITIALIZED_AUTOS = YES_AGGRESSIVE;
				GCC_WARN_UNUSED_FUNCTION = YES;
				GCC_WARN_UNUSED_VARIABLE = YES;
				IPHONEOS_DEPLOYMENT_TARGET = 11.1;
				MTL_ENABLE_DEBUG_INFO = NO;
				SDKROOT = iphoneos;
				SWIFT_OPTIMIZATION_LEVEL = "-Owholemodule";
				VALIDATE_PRODUCT = YES;
			};
			name = Release;
		};
		152FAEEC1FAF92AB00D68C42 /* Debug */ = {
			isa = XCBuildConfiguration;
			baseConfigurationReference = 620008182545E1A5629E8A1F /* Pods-iPicker.debug.xcconfig */;
			buildSettings = {
				ASSETCATALOG_COMPILER_APPICON_NAME = AppIcon;
				"CODE_SIGN_IDENTITY[sdk=iphoneos*]" = "iPhone Developer";
				CODE_SIGN_STYLE = Automatic;
				DEVELOPMENT_TEAM = 5YQ9RSLRVT;
				FRAMEWORK_SEARCH_PATHS = (
					"$(inherited)",
					"$(PROJECT_DIR)/Carthage/Build/iOS",
				);
				INFOPLIST_FILE = iPicker/Info.plist;
				IPHONEOS_DEPLOYMENT_TARGET = 11.0;
				LD_RUNPATH_SEARCH_PATHS = "$(inherited) @executable_path/Frameworks";
				PRODUCT_BUNDLE_IDENTIFIER = com.iPicker;
				PRODUCT_NAME = "$(TARGET_NAME)";
				PROVISIONING_PROFILE_SPECIFIER = "";
				SWIFT_VERSION = 4.0;
				TARGETED_DEVICE_FAMILY = "1,2";
			};
			name = Debug;
		};
		152FAEED1FAF92AB00D68C42 /* Release */ = {
			isa = XCBuildConfiguration;
			baseConfigurationReference = 5AF14E6FABFD4B7537D2DD1E /* Pods-iPicker.release.xcconfig */;
			buildSettings = {
				ASSETCATALOG_COMPILER_APPICON_NAME = AppIcon;
				"CODE_SIGN_IDENTITY[sdk=iphoneos*]" = "iPhone Developer";
				CODE_SIGN_STYLE = Automatic;
				DEVELOPMENT_TEAM = 5YQ9RSLRVT;
				FRAMEWORK_SEARCH_PATHS = (
					"$(inherited)",
					"$(PROJECT_DIR)/Carthage/Build/iOS",
				);
				INFOPLIST_FILE = iPicker/Info.plist;
				IPHONEOS_DEPLOYMENT_TARGET = 11.0;
				LD_RUNPATH_SEARCH_PATHS = "$(inherited) @executable_path/Frameworks";
				PRODUCT_BUNDLE_IDENTIFIER = com.iPicker;
				PRODUCT_NAME = "$(TARGET_NAME)";
				PROVISIONING_PROFILE_SPECIFIER = "";
				SWIFT_VERSION = 4.0;
				TARGETED_DEVICE_FAMILY = "1,2";
			};
			name = Release;
		};
		152FAEEF1FAF92AB00D68C42 /* Debug */ = {
			isa = XCBuildConfiguration;
			baseConfigurationReference = 466C4BE2514171DAA2FA960A /* Pods-iPickerTests.debug.xcconfig */;
			buildSettings = {
				ALWAYS_EMBED_SWIFT_STANDARD_LIBRARIES = YES;
				BUNDLE_LOADER = "$(TEST_HOST)";
				CODE_SIGN_STYLE = Automatic;
				DEVELOPMENT_TEAM = 5YQ9RSLRVT;
				INFOPLIST_FILE = iPickerTests/Info.plist;
				LD_RUNPATH_SEARCH_PATHS = "$(inherited) @executable_path/Frameworks @loader_path/Frameworks";
				PRODUCT_BUNDLE_IDENTIFIER = com.iPickerTests;
				PRODUCT_NAME = "$(TARGET_NAME)";
				SWIFT_VERSION = 4.0;
				TARGETED_DEVICE_FAMILY = "1,2";
				TEST_HOST = "$(BUILT_PRODUCTS_DIR)/iPicker.app/iPicker";
			};
			name = Debug;
		};
		152FAEF01FAF92AB00D68C42 /* Release */ = {
			isa = XCBuildConfiguration;
			baseConfigurationReference = 39A7808643702DC86E44E6EA /* Pods-iPickerTests.release.xcconfig */;
			buildSettings = {
				ALWAYS_EMBED_SWIFT_STANDARD_LIBRARIES = YES;
				BUNDLE_LOADER = "$(TEST_HOST)";
				CODE_SIGN_STYLE = Automatic;
				DEVELOPMENT_TEAM = 5YQ9RSLRVT;
				INFOPLIST_FILE = iPickerTests/Info.plist;
				LD_RUNPATH_SEARCH_PATHS = "$(inherited) @executable_path/Frameworks @loader_path/Frameworks";
				PRODUCT_BUNDLE_IDENTIFIER = com.iPickerTests;
				PRODUCT_NAME = "$(TARGET_NAME)";
				SWIFT_VERSION = 4.0;
				TARGETED_DEVICE_FAMILY = "1,2";
				TEST_HOST = "$(BUILT_PRODUCTS_DIR)/iPicker.app/iPicker";
			};
			name = Release;
		};
		152FAEF21FAF92AB00D68C42 /* Debug */ = {
			isa = XCBuildConfiguration;
			baseConfigurationReference = 1315F173CB5A99F902C45027 /* Pods-iPickerUITests.debug.xcconfig */;
			buildSettings = {
				ALWAYS_EMBED_SWIFT_STANDARD_LIBRARIES = YES;
				CODE_SIGN_STYLE = Automatic;
				DEVELOPMENT_TEAM = 5YQ9RSLRVT;
				INFOPLIST_FILE = iPickerUITests/Info.plist;
				LD_RUNPATH_SEARCH_PATHS = "$(inherited) @executable_path/Frameworks @loader_path/Frameworks";
				PRODUCT_BUNDLE_IDENTIFIER = com.iPickerUITests;
				PRODUCT_NAME = "$(TARGET_NAME)";
				SWIFT_VERSION = 4.0;
				TARGETED_DEVICE_FAMILY = "1,2";
				TEST_TARGET_NAME = iPicker;
			};
			name = Debug;
		};
		152FAEF31FAF92AB00D68C42 /* Release */ = {
			isa = XCBuildConfiguration;
			baseConfigurationReference = F31D0F9959785329F5D05487 /* Pods-iPickerUITests.release.xcconfig */;
			buildSettings = {
				ALWAYS_EMBED_SWIFT_STANDARD_LIBRARIES = YES;
				CODE_SIGN_STYLE = Automatic;
				DEVELOPMENT_TEAM = 5YQ9RSLRVT;
				INFOPLIST_FILE = iPickerUITests/Info.plist;
				LD_RUNPATH_SEARCH_PATHS = "$(inherited) @executable_path/Frameworks @loader_path/Frameworks";
				PRODUCT_BUNDLE_IDENTIFIER = com.iPickerUITests;
				PRODUCT_NAME = "$(TARGET_NAME)";
				SWIFT_VERSION = 4.0;
				TARGETED_DEVICE_FAMILY = "1,2";
				TEST_TARGET_NAME = iPicker;
			};
			name = Release;
		};
/* End XCBuildConfiguration section */

/* Begin XCConfigurationList section */
		152FAEBB1FAF92AB00D68C42 /* Build configuration list for PBXProject "iPicker" */ = {
			isa = XCConfigurationList;
			buildConfigurations = (
				152FAEE91FAF92AB00D68C42 /* Debug */,
				152FAEEA1FAF92AB00D68C42 /* Release */,
			);
			defaultConfigurationIsVisible = 0;
			defaultConfigurationName = Release;
		};
		152FAEEB1FAF92AB00D68C42 /* Build configuration list for PBXNativeTarget "iPicker" */ = {
			isa = XCConfigurationList;
			buildConfigurations = (
				152FAEEC1FAF92AB00D68C42 /* Debug */,
				152FAEED1FAF92AB00D68C42 /* Release */,
			);
			defaultConfigurationIsVisible = 0;
			defaultConfigurationName = Release;
		};
		152FAEEE1FAF92AB00D68C42 /* Build configuration list for PBXNativeTarget "iPickerTests" */ = {
			isa = XCConfigurationList;
			buildConfigurations = (
				152FAEEF1FAF92AB00D68C42 /* Debug */,
				152FAEF01FAF92AB00D68C42 /* Release */,
			);
			defaultConfigurationIsVisible = 0;
			defaultConfigurationName = Release;
		};
		152FAEF11FAF92AB00D68C42 /* Build configuration list for PBXNativeTarget "iPickerUITests" */ = {
			isa = XCConfigurationList;
			buildConfigurations = (
				152FAEF21FAF92AB00D68C42 /* Debug */,
				152FAEF31FAF92AB00D68C42 /* Release */,
			);
			defaultConfigurationIsVisible = 0;
			defaultConfigurationName = Release;
		};
/* End XCConfigurationList section */

/* Begin XCVersionGroup section */
		152FAECA1FAF92AB00D68C42 /* iPicker.xcdatamodeld */ = {
			isa = XCVersionGroup;
			children = (
				152FAECB1FAF92AB00D68C42 /* iPicker.xcdatamodel */,
			);
			currentVersion = 152FAECB1FAF92AB00D68C42 /* iPicker.xcdatamodel */;
			path = iPicker.xcdatamodeld;
			sourceTree = "<group>";
			versionGroupType = wrapper.xcdatamodel;
		};
/* End XCVersionGroup section */
	};
	rootObject = 152FAEB81FAF92AB00D68C42 /* Project object */;
}
